# This file is generated by running "yarn install" inside your project.
# Manual changes might be lost - proceed with caution!

__metadata:
  version: 8
  cacheKey: 10

"@rescript/darwin-arm64@npm:12.0.0-beta.4":
  version: 12.0.0-beta.4
  resolution: "@rescript/darwin-arm64@npm:12.0.0-beta.4"
  conditions: os=darwin & cpu=arm64
  languageName: node
  linkType: hard

"@rescript/darwin-x64@npm:12.0.0-beta.4":
  version: 12.0.0-beta.4
  resolution: "@rescript/darwin-x64@npm:12.0.0-beta.4"
  conditions: os=darwin & cpu=x64
  languageName: node
  linkType: hard

"@rescript/linux-arm64@npm:12.0.0-beta.4":
  version: 12.0.0-beta.4
  resolution: "@rescript/linux-arm64@npm:12.0.0-beta.4"
  conditions: os=linux & cpu=arm64
  languageName: node
  linkType: hard

"@rescript/linux-x64@npm:12.0.0-beta.4":
  version: 12.0.0-beta.4
  resolution: "@rescript/linux-x64@npm:12.0.0-beta.4"
  conditions: os=linux & cpu=x64
  languageName: node
  linkType: hard

"@rescript/win32-x64@npm:12.0.0-beta.4":
  version: 12.0.0-beta.4
  resolution: "@rescript/win32-x64@npm:12.0.0-beta.4"
  conditions: os=win32 & cpu=x64
  languageName: node
  linkType: hard

"rescript-logger@npm:4.0.0":
  version: 4.0.0
  resolution: "rescript-logger@npm:4.0.0"
  checksum: 10/50956d0a780cff053e87bef034f57f83ef84a11b987800c67facae59e4da1c2740fad736d799302ba42edef5889a6be9aac48c1e22fc4d4851e99911c6939c19
  languageName: node
  linkType: hard

"rescript@npm:^12.0.0-beta.4":
  version: 12.0.0-beta.4
  resolution: "rescript@npm:12.0.0-beta.4"
  dependencies:
    "@rescript/darwin-arm64": "npm:12.0.0-beta.4"
    "@rescript/darwin-x64": "npm:12.0.0-beta.4"
    "@rescript/linux-arm64": "npm:12.0.0-beta.4"
    "@rescript/linux-x64": "npm:12.0.0-beta.4"
    "@rescript/win32-x64": "npm:12.0.0-beta.4"
  dependenciesMeta:
    "@rescript/darwin-arm64":
      optional: true
    "@rescript/darwin-x64":
      optional: true
    "@rescript/linux-arm64":
      optional: true
    "@rescript/linux-x64":
      optional: true
    "@rescript/win32-x64":
      optional: true
  bin:
    bsc: cli/bsc.js
    bstracing: cli/bstracing.js
    rescript: cli/rescript.js
    rescript-legacy: cli/rescript-legacy.js
    rescript-tools: cli/rescript-tools.js
  checksum: 10/2dbb8cbd28e774e5039d4bc2bb91b523c1fdf4ab5fedafcb8fa1ee3367044fba422ea67707265c01dc6782b86d2a14c63c34a5c5c2eb43bffb5f9f73505955a1
  languageName: node
  linkType: hard

"sample-v12-external-as@workspace:.":
  version: 0.0.0-use.local
  resolution: "sample-v12-external-as@workspace:."
  dependencies:
    rescript: "npm:^12.0.0-beta.4"
    rescript-logger: "npm:4.0.0"
  peerDependencies:
    rescript: ^12.0.0-beta.4
  languageName: unknown
  linkType: soft
