# This file is generated by running "yarn install" inside your project.
# Manual changes might be lost - proceed with caution!

__metadata:
  version: 8
  cacheKey: 10

"@rescript/core@npm:^1.6.1":
  version: 1.6.1
  resolution: "@rescript/core@npm:1.6.1"
  peerDependencies:
    rescript: ">=11.1.0"
  checksum: 10/008380e69a65c9c6532e8adb8b531893dc0bf9101cff374f50cb767052b20c05aacfc582a49889b03cd193ead3d2282f24772af89314d2fdd79b08aa073b4add
  languageName: node
  linkType: hard

"@rescript/darwin-arm64@npm:12.0.0-beta.4":
  version: 12.0.0-beta.4
  resolution: "@rescript/darwin-arm64@npm:12.0.0-beta.4"
  conditions: os=darwin & cpu=arm64
  languageName: node
  linkType: hard

"@rescript/darwin-x64@npm:12.0.0-beta.4":
  version: 12.0.0-beta.4
  resolution: "@rescript/darwin-x64@npm:12.0.0-beta.4"
  conditions: os=darwin & cpu=x64
  languageName: node
  linkType: hard

"@rescript/linux-arm64@npm:12.0.0-beta.4":
  version: 12.0.0-beta.4
  resolution: "@rescript/linux-arm64@npm:12.0.0-beta.4"
  conditions: os=linux & cpu=arm64
  languageName: node
  linkType: hard

"@rescript/linux-x64@npm:12.0.0-beta.4":
  version: 12.0.0-beta.4
  resolution: "@rescript/linux-x64@npm:12.0.0-beta.4"
  conditions: os=linux & cpu=x64
  languageName: node
  linkType: hard

"@rescript/react@npm:^0.14.0-rc.1":
  version: 0.14.0
  resolution: "@rescript/react@npm:0.14.0"
  peerDependencies:
    react: ">=19.0.0"
    react-dom: ">=19.0.0"
  checksum: 10/bcfac2d750c0707079ee2369fd418726b73180610dcc65278892f0d797af1e1bddef6b7cce56b2d3a9ff7325ed00510d75cbfa65decc600369c58377c685bfae
  languageName: node
  linkType: hard

"@rescript/tools@npm:^0.6.6":
  version: 0.6.6
  resolution: "@rescript/tools@npm:0.6.6"
  dependencies:
    rescript: "npm:^11.0.0-rc.7"
  bin:
    rescript-tools: npm/cli.js
  checksum: 10/d5a8676d9862eac80e51d1bbcd8fa6648724f1f7f4be009e141d260d7c65ed0613643acc3ecb5e77f384c7be044dbf9947e9e52f0c3e45029bd16c6b9567e51d
  languageName: node
  linkType: hard

"@rescript/win32-x64@npm:12.0.0-beta.4":
  version: 12.0.0-beta.4
  resolution: "@rescript/win32-x64@npm:12.0.0-beta.4"
  conditions: os=win32 & cpu=x64
  languageName: node
  linkType: hard

"rescript-embed-lang@npm:^0.5.5":
  version: 0.5.5
  resolution: "rescript-embed-lang@npm:0.5.5"
  checksum: 10/f4b378fdaec2ab5fbe97186bc6aa8d978104e6b65195e0b42dbe525c78b2a485edad1334ff12b4961f644d71b73219724e3c707b8a4c5e02efc6d2615228ed81
  languageName: node
  linkType: hard

"rescript-nodejs@npm:^16.1.0":
  version: 16.1.0
  resolution: "rescript-nodejs@npm:16.1.0"
  checksum: 10/1470b330f30616e0ec98da41cb36af2b9d009b2f8a93374d1c19687fa0c48cc7fe8ae5d40f5374c0f48098ac38751e60b4e62ba3d89a1b48d216d64fe129c898
  languageName: node
  linkType: hard

"rescript@npm:^11.0.0-rc.7":
  version: 11.1.4
  resolution: "rescript@npm:11.1.4"
  bin:
    bsc: bsc
    bstracing: lib/bstracing
    rescript: rescript
  checksum: 10/2ba71cf76e04000afb025afc245aef0d4c1647c73323f325bbc386f562df5a9fdddf137f6031ac7bb59c935c60174156d7a605a05a70adac8bd76dc0795aa6bd
  languageName: node
  linkType: hard

"rescript@npm:^12.0.0-beta.4":
  version: 12.0.0-beta.4
  resolution: "rescript@npm:12.0.0-beta.4"
  dependencies:
    "@rescript/darwin-arm64": "npm:12.0.0-beta.4"
    "@rescript/darwin-x64": "npm:12.0.0-beta.4"
    "@rescript/linux-arm64": "npm:12.0.0-beta.4"
    "@rescript/linux-x64": "npm:12.0.0-beta.4"
    "@rescript/win32-x64": "npm:12.0.0-beta.4"
  dependenciesMeta:
    "@rescript/darwin-arm64":
      optional: true
    "@rescript/darwin-x64":
      optional: true
    "@rescript/linux-arm64":
      optional: true
    "@rescript/linux-x64":
      optional: true
    "@rescript/win32-x64":
      optional: true
  bin:
    bsc: cli/bsc.js
    bstracing: cli/bstracing.js
    rescript: cli/rescript.js
    rescript-legacy: cli/rescript-legacy.js
    rescript-tools: cli/rescript-tools.js
  checksum: 10/2dbb8cbd28e774e5039d4bc2bb91b523c1fdf4ab5fedafcb8fa1ee3367044fba422ea67707265c01dc6782b86d2a14c63c34a5c5c2eb43bffb5f9f73505955a1
  languageName: node
  linkType: hard

"sample-v12-external-as@workspace:.":
  version: 0.0.0-use.local
  resolution: "sample-v12-external-as@workspace:."
  dependencies:
    "@rescript/core": "npm:^1.6.1"
    "@rescript/react": "npm:^0.14.0-rc.1"
    "@rescript/tools": "npm:^0.6.6"
    rescript: "npm:^12.0.0-beta.4"
    rescript-embed-lang: "npm:^0.5.5"
    rescript-nodejs: "npm:^16.1.0"
  peerDependencies:
    "@rescript/react": ^0.14.0-rc.1
    rescript: ^12.0.0-beta.4
  languageName: unknown
  linkType: soft
